// !$*UTF8*$!
{
	archiveVersion = 1;
	classes = {
	};
	objectVersion = 56;
	objects = {

/* Begin PBXBuildFile section */
		C677934C2C41C65100EEE40A /* moviesApp.swift in Sources */ = {isa = PBXBuildFile; fileRef = C677934B2C41C65100EEE40A /* moviesApp.swift */; };
		C677934E2C41C65100EEE40A /* ContentView.swift in Sources */ = {isa = PBXBuildFile; fileRef = C677934D2C41C65100EEE40A /* ContentView.swift */; };
		C67793502C41C65200EEE40A /* Assets.xcassets in Resources */ = {isa = PBXBuildFile; fileRef = C677934F2C41C65200EEE40A /* Assets.xcassets */; };
		C67793532C41C65200EEE40A /* Preview Assets.xcassets in Resources */ = {isa = PBXBuildFile; fileRef = C67793522C41C65200EEE40A /* Preview Assets.xcassets */; };
		C677935D2C41C65200EEE40A /* moviesTests.swift in Sources */ = {isa = PBXBuildFile; fileRef = C677935C2C41C65200EEE40A /* moviesTests.swift */; };
		C67793672C41C65200EEE40A /* moviesUITests.swift in Sources */ = {isa = PBXBuildFile; fileRef = C67793662C41C65200EEE40A /* moviesUITests.swift */; };
		C67793692C41C65200EEE40A /* moviesUITestsLaunchTests.swift in Sources */ = {isa = PBXBuildFile; fileRef = C67793682C41C65200EEE40A /* moviesUITestsLaunchTests.swift */; };
		C67793772C41C72100EEE40A /* NetworkService.swift in Sources */ = {isa = PBXBuildFile; fileRef = C67793762C41C72100EEE40A /* NetworkService.swift */; };
		C67793792C41C74A00EEE40A /* Endpoint.swift in Sources */ = {isa = PBXBuildFile; fileRef = C67793782C41C74A00EEE40A /* Endpoint.swift */; };
		C677937B2C41C76000EEE40A /* HTTPClient.swift in Sources */ = {isa = PBXBuildFile; fileRef = C677937A2C41C76000EEE40A /* HTTPClient.swift */; };
		C677937D2C41C7C000EEE40A /* RequestMethod.swift in Sources */ = {isa = PBXBuildFile; fileRef = C677937C2C41C7C000EEE40A /* RequestMethod.swift */; };
		C677937F2C41C7D400EEE40A /* RequestError.swift in Sources */ = {isa = PBXBuildFile; fileRef = C677937E2C41C7D400EEE40A /* RequestError.swift */; };
		C6BC2D742C448C7600CFB1D2 /* Config.xcconfig in Resources */ = {isa = PBXBuildFile; fileRef = C6BC2D732C448C7600CFB1D2 /* Config.xcconfig */; };
		C6E05F262C449CE000FF1EFE /* MoviesViewModel.swift in Sources */ = {isa = PBXBuildFile; fileRef = C6E05F252C449CE000FF1EFE /* MoviesViewModel.swift */; };
		C6E05F2A2C449CF900FF1EFE /* MovieGridView.swift in Sources */ = {isa = PBXBuildFile; fileRef = C6E05F292C449CF900FF1EFE /* MovieGridView.swift */; };
		C6E05F2C2C449D1000FF1EFE /* Movie.swift in Sources */ = {isa = PBXBuildFile; fileRef = C6E05F2B2C449D1000FF1EFE /* Movie.swift */; };
		C6E05F2E2C449D6400FF1EFE /* MovieListView.swift in Sources */ = {isa = PBXBuildFile; fileRef = C6E05F2D2C449D6400FF1EFE /* MovieListView.swift */; };
		C6E05F302C449D9700FF1EFE /* MostPopularResponse.swift in Sources */ = {isa = PBXBuildFile; fileRef = C6E05F2F2C449D9700FF1EFE /* MostPopularResponse.swift */; };
		C6E05F322C449DB500FF1EFE /* MoviesEndpoint.swift in Sources */ = {isa = PBXBuildFile; fileRef = C6E05F312C449DB500FF1EFE /* MoviesEndpoint.swift */; };
		C6E05F342C44A0A600FF1EFE /* Genre.swift in Sources */ = {isa = PBXBuildFile; fileRef = C6E05F332C44A0A600FF1EFE /* Genre.swift */; };
		C6E05F362C44A0B800FF1EFE /* GenresEndpoint.swift in Sources */ = {isa = PBXBuildFile; fileRef = C6E05F352C44A0B800FF1EFE /* GenresEndpoint.swift */; };
		C6E05F382C44A81B00FF1EFE /* MovieDetailView.swift in Sources */ = {isa = PBXBuildFile; fileRef = C6E05F372C44A81B00FF1EFE /* MovieDetailView.swift */; };
		C6E05F3A2C44A97300FF1EFE /* MostPopularView.swift in Sources */ = {isa = PBXBuildFile; fileRef = C6E05F392C44A97300FF1EFE /* MostPopularView.swift */; };
		C6E05F3E2C44A98700FF1EFE /* NowPlayingView.swift in Sources */ = {isa = PBXBuildFile; fileRef = C6E05F3D2C44A98700FF1EFE /* NowPlayingView.swift */; };
		C6E05F402C44BB7300FF1EFE /* MovieDetailsView.swift in Sources */ = {isa = PBXBuildFile; fileRef = C6E05F3F2C44BB7300FF1EFE /* MovieDetailsView.swift */; };
/* End PBXBuildFile section */

/* Begin PBXContainerItemProxy section */
		C67793592C41C65200EEE40A /* PBXContainerItemProxy */ = {
			isa = PBXContainerItemProxy;
			containerPortal = C67793402C41C65100EEE40A /* Project object */;
			proxyType = 1;
			remoteGlobalIDString = C67793472C41C65100EEE40A;
			remoteInfo = movies;
		};
		C67793632C41C65200EEE40A /* PBXContainerItemProxy */ = {
			isa = PBXContainerItemProxy;
			containerPortal = C67793402C41C65100EEE40A /* Project object */;
			proxyType = 1;
			remoteGlobalIDString = C67793472C41C65100EEE40A;
			remoteInfo = movies;
		};
/* End PBXContainerItemProxy section */

/* Begin PBXFileReference section */
		C67793482C41C65100EEE40A /* movies.app */ = {isa = PBXFileReference; explicitFileType = wrapper.application; includeInIndex = 0; path = movies.app; sourceTree = BUILT_PRODUCTS_DIR; };
		C677934B2C41C65100EEE40A /* moviesApp.swift */ = {isa = PBXFileReference; lastKnownFileType = sourcecode.swift; path = moviesApp.swift; sourceTree = "<group>"; };
		C677934D2C41C65100EEE40A /* ContentView.swift */ = {isa = PBXFileReference; lastKnownFileType = sourcecode.swift; path = ContentView.swift; sourceTree = "<group>"; };
		C677934F2C41C65200EEE40A /* Assets.xcassets */ = {isa = PBXFileReference; lastKnownFileType = folder.assetcatalog; path = Assets.xcassets; sourceTree = "<group>"; };
		C67793522C41C65200EEE40A /* Preview Assets.xcassets */ = {isa = PBXFileReference; lastKnownFileType = folder.assetcatalog; path = "Preview Assets.xcassets"; sourceTree = "<group>"; };
		C67793582C41C65200EEE40A /* moviesTests.xctest */ = {isa = PBXFileReference; explicitFileType = wrapper.cfbundle; includeInIndex = 0; path = moviesTests.xctest; sourceTree = BUILT_PRODUCTS_DIR; };
		C677935C2C41C65200EEE40A /* moviesTests.swift */ = {isa = PBXFileReference; lastKnownFileType = sourcecode.swift; path = moviesTests.swift; sourceTree = "<group>"; };
		C67793622C41C65200EEE40A /* moviesUITests.xctest */ = {isa = PBXFileReference; explicitFileType = wrapper.cfbundle; includeInIndex = 0; path = moviesUITests.xctest; sourceTree = BUILT_PRODUCTS_DIR; };
		C67793662C41C65200EEE40A /* moviesUITests.swift */ = {isa = PBXFileReference; lastKnownFileType = sourcecode.swift; path = moviesUITests.swift; sourceTree = "<group>"; };
		C67793682C41C65200EEE40A /* moviesUITestsLaunchTests.swift */ = {isa = PBXFileReference; lastKnownFileType = sourcecode.swift; path = moviesUITestsLaunchTests.swift; sourceTree = "<group>"; };
		C67793762C41C72100EEE40A /* NetworkService.swift */ = {isa = PBXFileReference; lastKnownFileType = sourcecode.swift; path = NetworkService.swift; sourceTree = "<group>"; };
		C67793782C41C74A00EEE40A /* Endpoint.swift */ = {isa = PBXFileReference; lastKnownFileType = sourcecode.swift; path = Endpoint.swift; sourceTree = "<group>"; };
		C677937A2C41C76000EEE40A /* HTTPClient.swift */ = {isa = PBXFileReference; lastKnownFileType = sourcecode.swift; path = HTTPClient.swift; sourceTree = "<group>"; };
		C677937C2C41C7C000EEE40A /* RequestMethod.swift */ = {isa = PBXFileReference; lastKnownFileType = sourcecode.swift; path = RequestMethod.swift; sourceTree = "<group>"; };
		C677937E2C41C7D400EEE40A /* RequestError.swift */ = {isa = PBXFileReference; lastKnownFileType = sourcecode.swift; path = RequestError.swift; sourceTree = "<group>"; };
		C67793802C420ABE00EEE40A /* Info.plist */ = {isa = PBXFileReference; lastKnownFileType = text.plist; path = Info.plist; sourceTree = "<group>"; };
		C6BC2D732C448C7600CFB1D2 /* Config.xcconfig */ = {isa = PBXFileReference; lastKnownFileType = text.xcconfig; path = Config.xcconfig; sourceTree = "<group>"; };
		C6E05F252C449CE000FF1EFE /* MoviesViewModel.swift */ = {isa = PBXFileReference; lastKnownFileType = sourcecode.swift; path = MoviesViewModel.swift; sourceTree = "<group>"; };
		C6E05F292C449CF900FF1EFE /* MovieGridView.swift */ = {isa = PBXFileReference; lastKnownFileType = sourcecode.swift; path = MovieGridView.swift; sourceTree = "<group>"; };
		C6E05F2B2C449D1000FF1EFE /* Movie.swift */ = {isa = PBXFileReference; lastKnownFileType = sourcecode.swift; path = Movie.swift; sourceTree = "<group>"; };
		C6E05F2D2C449D6400FF1EFE /* MovieListView.swift */ = {isa = PBXFileReference; lastKnownFileType = sourcecode.swift; path = MovieListView.swift; sourceTree = "<group>"; };
		C6E05F2F2C449D9700FF1EFE /* MostPopularResponse.swift */ = {isa = PBXFileReference; lastKnownFileType = sourcecode.swift; path = MostPopularResponse.swift; sourceTree = "<group>"; };
		C6E05F312C449DB500FF1EFE /* MoviesEndpoint.swift */ = {isa = PBXFileReference; lastKnownFileType = sourcecode.swift; path = MoviesEndpoint.swift; sourceTree = "<group>"; };
		C6E05F332C44A0A600FF1EFE /* Genre.swift */ = {isa = PBXFileReference; lastKnownFileType = sourcecode.swift; path = Genre.swift; sourceTree = "<group>"; };
		C6E05F352C44A0B800FF1EFE /* GenresEndpoint.swift */ = {isa = PBXFileReference; lastKnownFileType = sourcecode.swift; path = GenresEndpoint.swift; sourceTree = "<group>"; };
		C6E05F372C44A81B00FF1EFE /* MovieDetailView.swift */ = {isa = PBXFileReference; lastKnownFileType = sourcecode.swift; path = MovieDetailView.swift; sourceTree = "<group>"; };
		C6E05F392C44A97300FF1EFE /* MostPopularView.swift */ = {isa = PBXFileReference; lastKnownFileType = sourcecode.swift; path = MostPopularView.swift; sourceTree = "<group>"; };
		C6E05F3D2C44A98700FF1EFE /* NowPlayingView.swift */ = {isa = PBXFileReference; lastKnownFileType = sourcecode.swift; path = NowPlayingView.swift; sourceTree = "<group>"; };
		C6E05F3F2C44BB7300FF1EFE /* MovieDetailsView.swift */ = {isa = PBXFileReference; lastKnownFileType = sourcecode.swift; path = MovieDetailsView.swift; sourceTree = "<group>"; };
/* End PBXFileReference section */

/* Begin PBXFrameworksBuildPhase section */
		C67793452C41C65100EEE40A /* Frameworks */ = {
			isa = PBXFrameworksBuildPhase;
			buildActionMask = 2147483647;
			files = (
			);
			runOnlyForDeploymentPostprocessing = 0;
		};
		C67793552C41C65200EEE40A /* Frameworks */ = {
			isa = PBXFrameworksBuildPhase;
			buildActionMask = 2147483647;
			files = (
			);
			runOnlyForDeploymentPostprocessing = 0;
		};
		C677935F2C41C65200EEE40A /* Frameworks */ = {
			isa = PBXFrameworksBuildPhase;
			buildActionMask = 2147483647;
			files = (
			);
			runOnlyForDeploymentPostprocessing = 0;
		};
/* End PBXFrameworksBuildPhase section */

/* Begin PBXGroup section */
		C677933F2C41C65100EEE40A = {
			isa = PBXGroup;
			children = (
				C677934A2C41C65100EEE40A /* movies */,
				C677935B2C41C65200EEE40A /* moviesTests */,
				C67793652C41C65200EEE40A /* moviesUITests */,
				C67793492C41C65100EEE40A /* Products */,
			);
			sourceTree = "<group>";
		};
		C67793492C41C65100EEE40A /* Products */ = {
			isa = PBXGroup;
			children = (
				C67793482C41C65100EEE40A /* movies.app */,
				C67793582C41C65200EEE40A /* moviesTests.xctest */,
				C67793622C41C65200EEE40A /* moviesUITests.xctest */,
			);
			name = Products;
			sourceTree = "<group>";
		};
		C677934A2C41C65100EEE40A /* movies */ = {
			isa = PBXGroup;
			children = (
				C6E05F1F2C449C8500FF1EFE /* Features */,
				C67793802C420ABE00EEE40A /* Info.plist */,
				C67793752C41C70700EEE40A /* Networking */,
				C677934B2C41C65100EEE40A /* moviesApp.swift */,
				C677934F2C41C65200EEE40A /* Assets.xcassets */,
				C67793512C41C65200EEE40A /* Preview Content */,
				C6BC2D732C448C7600CFB1D2 /* Config.xcconfig */,
			);
			path = movies;
			sourceTree = "<group>";
		};
		C67793512C41C65200EEE40A /* Preview Content */ = {
			isa = PBXGroup;
			children = (
				C67793522C41C65200EEE40A /* Preview Assets.xcassets */,
			);
			path = "Preview Content";
			sourceTree = "<group>";
		};
		C677935B2C41C65200EEE40A /* moviesTests */ = {
			isa = PBXGroup;
			children = (
				C677935C2C41C65200EEE40A /* moviesTests.swift */,
			);
			path = moviesTests;
			sourceTree = "<group>";
		};
		C67793652C41C65200EEE40A /* moviesUITests */ = {
			isa = PBXGroup;
			children = (
				C67793662C41C65200EEE40A /* moviesUITests.swift */,
				C67793682C41C65200EEE40A /* moviesUITestsLaunchTests.swift */,
			);
			path = moviesUITests;
			sourceTree = "<group>";
		};
		C67793752C41C70700EEE40A /* Networking */ = {
			isa = PBXGroup;
			children = (
				C67793762C41C72100EEE40A /* NetworkService.swift */,
				C67793782C41C74A00EEE40A /* Endpoint.swift */,
				C677937A2C41C76000EEE40A /* HTTPClient.swift */,
				C677937C2C41C7C000EEE40A /* RequestMethod.swift */,
				C677937E2C41C7D400EEE40A /* RequestError.swift */,
			);
			path = Networking;
			sourceTree = "<group>";
		};
		C6E05F1F2C449C8500FF1EFE /* Features */ = {
			isa = PBXGroup;
			children = (
				C6E05F202C449C9000FF1EFE /* Movies */,
			);
			path = Features;
			sourceTree = "<group>";
		};
		C6E05F202C449C9000FF1EFE /* Movies */ = {
			isa = PBXGroup;
			children = (
				C6E05F242C449CC200FF1EFE /* Network */,
				C6E05F232C449CBB00FF1EFE /* Views */,
				C6E05F222C449CB400FF1EFE /* ViewModels */,
				C6E05F212C449CAC00FF1EFE /* Models */,
			);
			path = Movies;
			sourceTree = "<group>";
		};
		C6E05F212C449CAC00FF1EFE /* Models */ = {
			isa = PBXGroup;
			children = (
				C6E05F2F2C449D9700FF1EFE /* MostPopularResponse.swift */,
				C6E05F2B2C449D1000FF1EFE /* Movie.swift */,
				C6E05F332C44A0A600FF1EFE /* Genre.swift */,
			);
			path = Models;
			sourceTree = "<group>";
		};
		C6E05F222C449CB400FF1EFE /* ViewModels */ = {
			isa = PBXGroup;
			children = (
				C6E05F252C449CE000FF1EFE /* MoviesViewModel.swift */,
			);
			path = ViewModels;
			sourceTree = "<group>";
		};
		C6E05F232C449CBB00FF1EFE /* Views */ = {
			isa = PBXGroup;
			children = (
				C677934D2C41C65100EEE40A /* ContentView.swift */,
				C6E05F292C449CF900FF1EFE /* MovieGridView.swift */,
				C6E05F2D2C449D6400FF1EFE /* MovieListView.swift */,
				C6E05F372C44A81B00FF1EFE /* MovieDetailView.swift */,
				C6E05F392C44A97300FF1EFE /* MostPopularView.swift */,
				C6E05F3D2C44A98700FF1EFE /* NowPlayingView.swift */,
				C6E05F3F2C44BB7300FF1EFE /* MovieDetailsView.swift */,
			);
			path = Views;
			sourceTree = "<group>";
		};
		C6E05F242C449CC200FF1EFE /* Network */ = {
			isa = PBXGroup;
			children = (
				C6E05F312C449DB500FF1EFE /* MoviesEndpoint.swift */,
				C6E05F352C44A0B800FF1EFE /* GenresEndpoint.swift */,
			);
			path = Network;
			sourceTree = "<group>";
		};
/* End PBXGroup section */

/* Begin PBXNativeTarget section */
		C67793472C41C65100EEE40A /* movies */ = {
			isa = PBXNativeTarget;
			buildConfigurationList = C677936C2C41C65200EEE40A /* Build configuration list for PBXNativeTarget "movies" */;
			buildPhases = (
				C67793442C41C65100EEE40A /* Sources */,
				C67793452C41C65100EEE40A /* Frameworks */,
				C67793462C41C65100EEE40A /* Resources */,
			);
			buildRules = (
			);
			dependencies = (
			);
			name = movies;
			productName = movies;
			productReference = C67793482C41C65100EEE40A /* movies.app */;
			productType = "com.apple.product-type.application";
		};
		C67793572C41C65200EEE40A /* moviesTests */ = {
			isa = PBXNativeTarget;
			buildConfigurationList = C677936F2C41C65200EEE40A /* Build configuration list for PBXNativeTarget "moviesTests" */;
			buildPhases = (
				C67793542C41C65200EEE40A /* Sources */,
				C67793552C41C65200EEE40A /* Frameworks */,
				C67793562C41C65200EEE40A /* Resources */,
			);
			buildRules = (
			);
			dependencies = (
				C677935A2C41C65200EEE40A /* PBXTargetDependency */,
			);
			name = moviesTests;
			productName = moviesTests;
			productReference = C67793582C41C65200EEE40A /* moviesTests.xctest */;
			productType = "com.apple.product-type.bundle.unit-test";
		};
		C67793612C41C65200EEE40A /* moviesUITests */ = {
			isa = PBXNativeTarget;
			buildConfigurationList = C67793722C41C65200EEE40A /* Build configuration list for PBXNativeTarget "moviesUITests" */;
			buildPhases = (
				C677935E2C41C65200EEE40A /* Sources */,
				C677935F2C41C65200EEE40A /* Frameworks */,
				C67793602C41C65200EEE40A /* Resources */,
			);
			buildRules = (
			);
			dependencies = (
				C67793642C41C65200EEE40A /* PBXTargetDependency */,
			);
			name = moviesUITests;
			productName = moviesUITests;
			productReference = C67793622C41C65200EEE40A /* moviesUITests.xctest */;
			productType = "com.apple.product-type.bundle.ui-testing";
		};
/* End PBXNativeTarget section */

/* Begin PBXProject section */
		C67793402C41C65100EEE40A /* Project object */ = {
			isa = PBXProject;
			attributes = {
				BuildIndependentTargetsInParallel = 1;
				LastSwiftUpdateCheck = 1540;
				LastUpgradeCheck = 1540;
				TargetAttributes = {
					C67793472C41C65100EEE40A = {
						CreatedOnToolsVersion = 15.4;
					};
					C67793572C41C65200EEE40A = {
						CreatedOnToolsVersion = 15.4;
						TestTargetID = C67793472C41C65100EEE40A;
					};
					C67793612C41C65200EEE40A = {
						CreatedOnToolsVersion = 15.4;
						TestTargetID = C67793472C41C65100EEE40A;
					};
				};
			};
			buildConfigurationList = C67793432C41C65100EEE40A /* Build configuration list for PBXProject "movies" */;
			compatibilityVersion = "Xcode 14.0";
			developmentRegion = en;
			hasScannedForEncodings = 0;
			knownRegions = (
				en,
				Base,
			);
			mainGroup = C677933F2C41C65100EEE40A;
			productRefGroup = C67793492C41C65100EEE40A /* Products */;
			projectDirPath = "";
			projectRoot = "";
			targets = (
				C67793472C41C65100EEE40A /* movies */,
				C67793572C41C65200EEE40A /* moviesTests */,
				C67793612C41C65200EEE40A /* moviesUITests */,
			);
		};
/* End PBXProject section */

/* Begin PBXResourcesBuildPhase section */
		C67793462C41C65100EEE40A /* Resources */ = {
			isa = PBXResourcesBuildPhase;
			buildActionMask = 2147483647;
			files = (
				C67793532C41C65200EEE40A /* Preview Assets.xcassets in Resources */,
				C6BC2D742C448C7600CFB1D2 /* Config.xcconfig in Resources */,
				C67793502C41C65200EEE40A /* Assets.xcassets in Resources */,
			);
			runOnlyForDeploymentPostprocessing = 0;
		};
		C67793562C41C65200EEE40A /* Resources */ = {
			isa = PBXResourcesBuildPhase;
			buildActionMask = 2147483647;
			files = (
			);
			runOnlyForDeploymentPostprocessing = 0;
		};
		C67793602C41C65200EEE40A /* Resources */ = {
			isa = PBXResourcesBuildPhase;
			buildActionMask = 2147483647;
			files = (
			);
			runOnlyForDeploymentPostprocessing = 0;
		};
/* End PBXResourcesBuildPhase section */

/* Begin PBXSourcesBuildPhase section */
		C67793442C41C65100EEE40A /* Sources */ = {
			isa = PBXSourcesBuildPhase;
			buildActionMask = 2147483647;
			files = (
				C6E05F3E2C44A98700FF1EFE /* NowPlayingView.swift in Sources */,
				C677937F2C41C7D400EEE40A /* RequestError.swift in Sources */,
				C6E05F302C449D9700FF1EFE /* MostPopularResponse.swift in Sources */,
				C6E05F3A2C44A97300FF1EFE /* MostPopularView.swift in Sources */,
				C6E05F402C44BB7300FF1EFE /* MovieDetailsView.swift in Sources */,
				C6E05F2E2C449D6400FF1EFE /* MovieListView.swift in Sources */,
				C6E05F362C44A0B800FF1EFE /* GenresEndpoint.swift in Sources */,
				C677934E2C41C65100EEE40A /* ContentView.swift in Sources */,
				C677937B2C41C76000EEE40A /* HTTPClient.swift in Sources */,
				C67793772C41C72100EEE40A /* NetworkService.swift in Sources */,
				C6E05F2C2C449D1000FF1EFE /* Movie.swift in Sources */,
				C67793792C41C74A00EEE40A /* Endpoint.swift in Sources */,
				C677937D2C41C7C000EEE40A /* RequestMethod.swift in Sources */,
				C677934C2C41C65100EEE40A /* moviesApp.swift in Sources */,
				C6E05F262C449CE000FF1EFE /* MoviesViewModel.swift in Sources */,
				C6E05F2A2C449CF900FF1EFE /* MovieGridView.swift in Sources */,
				C6E05F322C449DB500FF1EFE /* MoviesEndpoint.swift in Sources */,
				C6E05F382C44A81B00FF1EFE /* MovieDetailView.swift in Sources */,
				C6E05F342C44A0A600FF1EFE /* Genre.swift in Sources */,
			);
			runOnlyForDeploymentPostprocessing = 0;
		};
		C67793542C41C65200EEE40A /* Sources */ = {
			isa = PBXSourcesBuildPhase;
			buildActionMask = 2147483647;
			files = (
				C677935D2C41C65200EEE40A /* moviesTests.swift in Sources */,
			);
			runOnlyForDeploymentPostprocessing = 0;
		};
		C677935E2C41C65200EEE40A /* Sources */ = {
			isa = PBXSourcesBuildPhase;
			buildActionMask = 2147483647;
			files = (
				C67793672C41C65200EEE40A /* moviesUITests.swift in Sources */,
				C67793692C41C65200EEE40A /* moviesUITestsLaunchTests.swift in Sources */,
			);
			runOnlyForDeploymentPostprocessing = 0;
		};
/* End PBXSourcesBuildPhase section */

/* Begin PBXTargetDependency section */
		C677935A2C41C65200EEE40A /* PBXTargetDependency */ = {
			isa = PBXTargetDependency;
			target = C67793472C41C65100EEE40A /* movies */;
			targetProxy = C67793592C41C65200EEE40A /* PBXContainerItemProxy */;
		};
		C67793642C41C65200EEE40A /* PBXTargetDependency */ = {
			isa = PBXTargetDependency;
			target = C67793472C41C65100EEE40A /* movies */;
			targetProxy = C67793632C41C65200EEE40A /* PBXContainerItemProxy */;
		};
/* End PBXTargetDependency section */

/* Begin XCBuildConfiguration section */
		C677936A2C41C65200EEE40A /* Debug */ = {
			isa = XCBuildConfiguration;
			baseConfigurationReference = C6BC2D732C448C7600CFB1D2 /* Config.xcconfig */;
			buildSettings = {
				ALWAYS_SEARCH_USER_PATHS = NO;
				ASSETCATALOG_COMPILER_GENERATE_SWIFT_ASSET_SYMBOL_EXTENSIONS = YES;
				CLANG_ANALYZER_NONNULL = YES;
				CLANG_ANALYZER_NUMBER_OBJECT_CONVERSION = YES_AGGRESSIVE;
				CLANG_CXX_LANGUAGE_STANDARD = "gnu++20";
				CLANG_ENABLE_MODULES = YES;
				CLANG_ENABLE_OBJC_ARC = YES;
				CLANG_ENABLE_OBJC_WEAK = YES;
				CLANG_WARN_BLOCK_CAPTURE_AUTORELEASING = YES;
				CLANG_WARN_BOOL_CONVERSION = YES;
				CLANG_WARN_COMMA = YES;
				CLANG_WARN_CONSTANT_CONVERSION = YES;
				CLANG_WARN_DEPRECATED_OBJC_IMPLEMENTATIONS = YES;
				CLANG_WARN_DIRECT_OBJC_ISA_USAGE = YES_ERROR;
				CLANG_WARN_DOCUMENTATION_COMMENTS = YES;
				CLANG_WARN_EMPTY_BODY = YES;
				CLANG_WARN_ENUM_CONVERSION = YES;
				CLANG_WARN_INFINITE_RECURSION = YES;
				CLANG_WARN_INT_CONVERSION = YES;
				CLANG_WARN_NON_LITERAL_NULL_CONVERSION = YES;
				CLANG_WARN_OBJC_IMPLICIT_RETAIN_SELF = YES;
				CLANG_WARN_OBJC_LITERAL_CONVERSION = YES;
				CLANG_WARN_OBJC_ROOT_CLASS = YES_ERROR;
				CLANG_WARN_QUOTED_INCLUDE_IN_FRAMEWORK_HEADER = YES;
				CLANG_WARN_RANGE_LOOP_ANALYSIS = YES;
				CLANG_WARN_STRICT_PROTOTYPES = YES;
				CLANG_WARN_SUSPICIOUS_MOVE = YES;
				CLANG_WARN_UNGUARDED_AVAILABILITY = YES_AGGRESSIVE;
				CLANG_WARN_UNREACHABLE_CODE = YES;
				CLANG_WARN__DUPLICATE_METHOD_MATCH = YES;
				COPY_PHASE_STRIP = NO;
				DEBUG_INFORMATION_FORMAT = dwarf;
				ENABLE_STRICT_OBJC_MSGSEND = YES;
				ENABLE_TESTABILITY = YES;
				ENABLE_USER_SCRIPT_SANDBOXING = YES;
				GCC_C_LANGUAGE_STANDARD = gnu17;
				GCC_DYNAMIC_NO_PIC = NO;
				GCC_NO_COMMON_BLOCKS = YES;
				GCC_OPTIMIZATION_LEVEL = 0;
				GCC_PREPROCESSOR_DEFINITIONS = (
					"DEBUG=1",
					"$(inherited)",
				);
				GCC_WARN_64_TO_32_BIT_CONVERSION = YES;
				GCC_WARN_ABOUT_RETURN_TYPE = YES_ERROR;
				GCC_WARN_UNDECLARED_SELECTOR = YES;
				GCC_WARN_UNINITIALIZED_AUTOS = YES_AGGRESSIVE;
				GCC_WARN_UNUSED_FUNCTION = YES;
				GCC_WARN_UNUSED_VARIABLE = YES;
				IPHONEOS_DEPLOYMENT_TARGET = 17.5;
				LOCALIZATION_PREFERS_STRING_CATALOGS = YES;
				MTL_ENABLE_DEBUG_INFO = INCLUDE_SOURCE;
				MTL_FAST_MATH = YES;
				ONLY_ACTIVE_ARCH = YES;
				SDKROOT = iphoneos;
				SWIFT_ACTIVE_COMPILATION_CONDITIONS = "DEBUG $(inherited)";
				SWIFT_OPTIMIZATION_LEVEL = "-Onone";
			};
			name = Debug;
		};
		C677936B2C41C65200EEE40A /* Release */ = {
			isa = XCBuildConfiguration;
			baseConfigurationReference = C6BC2D732C448C7600CFB1D2 /* Config.xcconfig */;
			buildSettings = {
				ALWAYS_SEARCH_USER_PATHS = NO;
				ASSETCATALOG_COMPILER_GENERATE_SWIFT_ASSET_SYMBOL_EXTENSIONS = YES;
				CLANG_ANALYZER_NONNULL = YES;
				CLANG_ANALYZER_NUMBER_OBJECT_CONVERSION = YES_AGGRESSIVE;
				CLANG_CXX_LANGUAGE_STANDARD = "gnu++20";
				CLANG_ENABLE_MODULES = YES;
				CLANG_ENABLE_OBJC_ARC = YES;
				CLANG_ENABLE_OBJC_WEAK = YES;
				CLANG_WARN_BLOCK_CAPTURE_AUTORELEASING = YES;
				CLANG_WARN_BOOL_CONVERSION = YES;
				CLANG_WARN_COMMA = YES;
				CLANG_WARN_CONSTANT_CONVERSION = YES;
				CLANG_WARN_DEPRECATED_OBJC_IMPLEMENTATIONS = YES;
				CLANG_WARN_DIRECT_OBJC_ISA_USAGE = YES_ERROR;
				CLANG_WARN_DOCUMENTATION_COMMENTS = YES;
				CLANG_WARN_EMPTY_BODY = YES;
				CLANG_WARN_ENUM_CONVERSION = YES;
				CLANG_WARN_INFINITE_RECURSION = YES;
				CLANG_WARN_INT_CONVERSION = YES;
				CLANG_WARN_NON_LITERAL_NULL_CONVERSION = YES;
				CLANG_WARN_OBJC_IMPLICIT_RETAIN_SELF = YES;
				CLANG_WARN_OBJC_LITERAL_CONVERSION = YES;
				CLANG_WARN_OBJC_ROOT_CLASS = YES_ERROR;
				CLANG_WARN_QUOTED_INCLUDE_IN_FRAMEWORK_HEADER = YES;
				CLANG_WARN_RANGE_LOOP_ANALYSIS = YES;
				CLANG_WARN_STRICT_PROTOTYPES = YES;
				CLANG_WARN_SUSPICIOUS_MOVE = YES;
				CLANG_WARN_UNGUARDED_AVAILABILITY = YES_AGGRESSIVE;
				CLANG_WARN_UNREACHABLE_CODE = YES;
				CLANG_WARN__DUPLICATE_METHOD_MATCH = YES;
				COPY_PHASE_STRIP = NO;
				DEBUG_INFORMATION_FORMAT = "dwarf-with-dsym";
				ENABLE_NS_ASSERTIONS = NO;
				ENABLE_STRICT_OBJC_MSGSEND = YES;
				ENABLE_USER_SCRIPT_SANDBOXING = YES;
				GCC_C_LANGUAGE_STANDARD = gnu17;
				GCC_NO_COMMON_BLOCKS = YES;
				GCC_WARN_64_TO_32_BIT_CONVERSION = YES;
				GCC_WARN_ABOUT_RETURN_TYPE = YES_ERROR;
				GCC_WARN_UNDECLARED_SELECTOR = YES;
				GCC_WARN_UNINITIALIZED_AUTOS = YES_AGGRESSIVE;
				GCC_WARN_UNUSED_FUNCTION = YES;
				GCC_WARN_UNUSED_VARIABLE = YES;
				IPHONEOS_DEPLOYMENT_TARGET = 17.5;
				LOCALIZATION_PREFERS_STRING_CATALOGS = YES;
				MTL_ENABLE_DEBUG_INFO = NO;
				MTL_FAST_MATH = YES;
				SDKROOT = iphoneos;
				SWIFT_COMPILATION_MODE = wholemodule;
				VALIDATE_PRODUCT = YES;
			};
			name = Release;
		};
		C677936D2C41C65200EEE40A /* Debug */ = {
			isa = XCBuildConfiguration;
			buildSettings = {
				ASSETCATALOG_COMPILER_APPICON_NAME = AppIcon;
				ASSETCATALOG_COMPILER_GLOBAL_ACCENT_COLOR_NAME = AccentColor;
				CODE_SIGN_STYLE = Automatic;
				CURRENT_PROJECT_VERSION = 1;
				DEVELOPMENT_ASSET_PATHS = "\"movies/Preview Content\"";
				DEVELOPMENT_TEAM = 3DH5JNB595;
				ENABLE_PREVIEWS = YES;
				GENERATE_INFOPLIST_FILE = YES;
				INFOPLIST_FILE = movies/Info.plist;
				INFOPLIST_KEY_UIApplicationSceneManifest_Generation = YES;
				INFOPLIST_KEY_UIApplicationSupportsIndirectInputEvents = YES;
				INFOPLIST_KEY_UILaunchScreen_Generation = YES;
				INFOPLIST_KEY_UISupportedInterfaceOrientations_iPad = "UIInterfaceOrientationPortrait UIInterfaceOrientationPortraitUpsideDown UIInterfaceOrientationLandscapeLeft UIInterfaceOrientationLandscapeRight";
				INFOPLIST_KEY_UISupportedInterfaceOrientations_iPhone = "UIInterfaceOrientationPortrait UIInterfaceOrientationLandscapeLeft UIInterfaceOrientationLandscapeRight";
				LD_RUNPATH_SEARCH_PATHS = (
					"$(inherited)",
					"@executable_path/Frameworks",
				);
				MARKETING_VERSION = 1.0;
				PRODUCT_BUNDLE_IDENTIFIER = com.carlos.ramos.movies;
				PRODUCT_NAME = "$(TARGET_NAME)";
				SWIFT_EMIT_LOC_STRINGS = YES;
				SWIFT_VERSION = 5.0;
				TARGETED_DEVICE_FAMILY = "1,2";
			};
			name = Debug;
		};
		C677936E2C41C65200EEE40A /* Release */ = {
			isa = XCBuildConfiguration;
			buildSettings = {
				ASSETCATALOG_COMPILER_APPICON_NAME = AppIcon;
				ASSETCATALOG_COMPILER_GLOBAL_ACCENT_COLOR_NAME = AccentColor;
				CODE_SIGN_STYLE = Automatic;
				CURRENT_PROJECT_VERSION = 1;
				DEVELOPMENT_ASSET_PATHS = "\"movies/Preview Content\"";
				DEVELOPMENT_TEAM = 3DH5JNB595;
				ENABLE_PREVIEWS = YES;
				GENERATE_INFOPLIST_FILE = YES;
				INFOPLIST_FILE = movies/Info.plist;
				INFOPLIST_KEY_UIApplicationSceneManifest_Generation = YES;
				INFOPLIST_KEY_UIApplicationSupportsIndirectInputEvents = YES;
				INFOPLIST_KEY_UILaunchScreen_Generation = YES;
				INFOPLIST_KEY_UISupportedInterfaceOrientations_iPad = "UIInterfaceOrientationPortrait UIInterfaceOrientationPortraitUpsideDown UIInterfaceOrientationLandscapeLeft UIInterfaceOrientationLandscapeRight";
				INFOPLIST_KEY_UISupportedInterfaceOrientations_iPhone = "UIInterfaceOrientationPortrait UIInterfaceOrientationLandscapeLeft UIInterfaceOrientationLandscapeRight";
				LD_RUNPATH_SEARCH_PATHS = (
					"$(inherited)",
					"@executable_path/Frameworks",
				);
				MARKETING_VERSION = 1.0;
				PRODUCT_BUNDLE_IDENTIFIER = com.carlos.ramos.movies;
				PRODUCT_NAME = "$(TARGET_NAME)";
				SWIFT_EMIT_LOC_STRINGS = YES;
				SWIFT_VERSION = 5.0;
				TARGETED_DEVICE_FAMILY = "1,2";
			};
			name = Release;
		};
		C67793702C41C65200EEE40A /* Debug */ = {
			isa = XCBuildConfiguration;
			buildSettings = {
				ALWAYS_EMBED_SWIFT_STANDARD_LIBRARIES = YES;
				BUNDLE_LOADER = "$(TEST_HOST)";
				CODE_SIGN_STYLE = Automatic;
				CURRENT_PROJECT_VERSION = 1;
				DEVELOPMENT_TEAM = 3DH5JNB595;
				GENERATE_INFOPLIST_FILE = YES;
				IPHONEOS_DEPLOYMENT_TARGET = 17.5;
				MARKETING_VERSION = 1.0;
				PRODUCT_BUNDLE_IDENTIFIER = com.carlos.ramos.moviesTests;
				PRODUCT_NAME = "$(TARGET_NAME)";
				SWIFT_EMIT_LOC_STRINGS = NO;
				SWIFT_VERSION = 5.0;
				TARGETED_DEVICE_FAMILY = "1,2";
				TEST_HOST = "$(BUILT_PRODUCTS_DIR)/movies.app/$(BUNDLE_EXECUTABLE_FOLDER_PATH)/movies";
			};
			name = Debug;
		};
		C67793712C41C65200EEE40A /* Release */ = {
			isa = XCBuildConfiguration;
			buildSettings = {
				ALWAYS_EMBED_SWIFT_STANDARD_LIBRARIES = YES;
				BUNDLE_LOADER = "$(TEST_HOST)";
				CODE_SIGN_STYLE = Automatic;
				CURRENT_PROJECT_VERSION = 1;
				DEVELOPMENT_TEAM = 3DH5JNB595;
				GENERATE_INFOPLIST_FILE = YES;
				IPHONEOS_DEPLOYMENT_TARGET = 17.5;
				MARKETING_VERSION = 1.0;
				PRODUCT_BUNDLE_IDENTIFIER = com.carlos.ramos.moviesTests;
				PRODUCT_NAME = "$(TARGET_NAME)";
				SWIFT_EMIT_LOC_STRINGS = NO;
				SWIFT_VERSION = 5.0;
				TARGETED_DEVICE_FAMILY = "1,2";
				TEST_HOST = "$(BUILT_PRODUCTS_DIR)/movies.app/$(BUNDLE_EXECUTABLE_FOLDER_PATH)/movies";
			};
			name = Release;
		};
		C67793732C41C65200EEE40A /* Debug */ = {
			isa = XCBuildConfiguration;
			buildSettings = {
				ALWAYS_EMBED_SWIFT_STANDARD_LIBRARIES = YES;
				CODE_SIGN_STYLE = Automatic;
				CURRENT_PROJECT_VERSION = 1;
				DEVELOPMENT_TEAM = 3DH5JNB595;
				GENERATE_INFOPLIST_FILE = YES;
				MARKETING_VERSION = 1.0;
				PRODUCT_BUNDLE_IDENTIFIER = com.carlos.ramos.moviesUITests;
				PRODUCT_NAME = "$(TARGET_NAME)";
				SWIFT_EMIT_LOC_STRINGS = NO;
				SWIFT_VERSION = 5.0;
				TARGETED_DEVICE_FAMILY = "1,2";
				TEST_TARGET_NAME = movies;
			};
			name = Debug;
		};
		C67793742C41C65200EEE40A /* Release */ = {
			isa = XCBuildConfiguration;
			buildSettings = {
				ALWAYS_EMBED_SWIFT_STANDARD_LIBRARIES = YES;
				CODE_SIGN_STYLE = Automatic;
				CURRENT_PROJECT_VERSION = 1;
				DEVELOPMENT_TEAM = 3DH5JNB595;
				GENERATE_INFOPLIST_FILE = YES;
				MARKETING_VERSION = 1.0;
				PRODUCT_BUNDLE_IDENTIFIER = com.carlos.ramos.moviesUITests;
				PRODUCT_NAME = "$(TARGET_NAME)";
				SWIFT_EMIT_LOC_STRINGS = NO;
				SWIFT_VERSION = 5.0;
				TARGETED_DEVICE_FAMILY = "1,2";
				TEST_TARGET_NAME = movies;
			};
			name = Release;
		};
/* End XCBuildConfiguration section */

/* Begin XCConfigurationList section */
		C67793432C41C65100EEE40A /* Build configuration list for PBXProject "movies" */ = {
			isa = XCConfigurationList;
			buildConfigurations = (
				C677936A2C41C65200EEE40A /* Debug */,
				C677936B2C41C65200EEE40A /* Release */,
			);
			defaultConfigurationIsVisible = 0;
			defaultConfigurationName = Release;
		};
		C677936C2C41C65200EEE40A /* Build configuration list for PBXNativeTarget "movies" */ = {
			isa = XCConfigurationList;
			buildConfigurations = (
				C677936D2C41C65200EEE40A /* Debug */,
				C677936E2C41C65200EEE40A /* Release */,
			);
			defaultConfigurationIsVisible = 0;
			defaultConfigurationName = Release;
		};
		C677936F2C41C65200EEE40A /* Build configuration list for PBXNativeTarget "moviesTests" */ = {
			isa = XCConfigurationList;
			buildConfigurations = (
				C67793702C41C65200EEE40A /* Debug */,
				C67793712C41C65200EEE40A /* Release */,
			);
			defaultConfigurationIsVisible = 0;
			defaultConfigurationName = Release;
		};
		C67793722C41C65200EEE40A /* Build configuration list for PBXNativeTarget "moviesUITests" */ = {
			isa = XCConfigurationList;
			buildConfigurations = (
				C67793732C41C65200EEE40A /* Debug */,
				C67793742C41C65200EEE40A /* Release */,
			);
			defaultConfigurationIsVisible = 0;
			defaultConfigurationName = Release;
		};
/* End XCConfigurationList section */
	};
	rootObject = C67793402C41C65100EEE40A /* Project object */;
}
